
Microsoft Visual Studio Solution File, Format Version 12.00
# Visual Studio Version 16
VisualStudioVersion = 16.0.32126.315
MinimumVisualStudioVersion = 10.0.40219.1
Project("{FAE04EC0-301F-11D3-BF4B-00C04F79EFBC}") = "Demo72", "Demo72\Demo72.csproj", "{657801BB-D293-454F-84CD-6CA3CDC49522}"
EndProject
Global
	GlobalSection(SolutionConfigurationPlatforms) = preSolution
		Debug|Any CPU = Debug|Any CPU
		Release|Any CPU = Release|Any CPU
	EndGlobalSection
	GlobalSection(ProjectConfigurationPlatforms) = postSolution
		{657801BB-D293-454F-84CD-6CA3CDC49522}.Debug|Any CPU.ActiveCfg = Debug|Any CPU
		{657801BB-D293-454F-84CD-6CA3CDC49522}.Debug|Any CPU.Build.0 = Debug|Any CPU
		{657801BB-D293-454F-84CD-6CA3CDC49522}.Release|Any CPU.ActiveCfg = Release|Any CPU
		{657801BB-D293-454F-84CD-6CA3CDC49522}.Release|Any CPU.Build.0 = Release|Any CPU
	EndGlobalSection
	GlobalSection(SolutionProperties) = preSolution
		HideSolutionNode = FALSE
	EndGlobalSection
	GlobalSection(ExtensibilityGlobals) = postSolution
		SolutionGuid = {0C835274-121D-4163-A69E-5A6E2A79401B}
	EndGlobalSection
EndGlobal
