
Microsoft Visual Studio Solution File, Format Version 12.00
# Visual Studio Version 16
VisualStudioVersion = 16.0.32126.315
MinimumVisualStudioVersion = 10.0.40219.1
Project("{FAE04EC0-301F-11D3-BF4B-00C04F79EFBC}") = "Demo68", "Demo68\Demo68.csproj", "{CAAB4B75-396E-4F19-A214-527214B8FB17}"
EndProject
Project("{FAE04EC0-301F-11D3-BF4B-00C04F79EFBC}") = "ClassLibrary1", "ClassLibrary1\ClassLibrary1.csproj", "{25007861-C2F8-4D73-AE96-7D7BEF1DF0DB}"
EndProject
Global
	GlobalSection(SolutionConfigurationPlatforms) = preSolution
		Debug|Any CPU = Debug|Any CPU
		Release|Any CPU = Release|Any CPU
	EndGlobalSection
	GlobalSection(ProjectConfigurationPlatforms) = postSolution
		{CAAB4B75-396E-4F19-A214-527214B8FB17}.Debug|Any CPU.ActiveCfg = Debug|Any CPU
		{CAAB4B75-396E-4F19-A214-527214B8FB17}.Debug|Any CPU.Build.0 = Debug|Any CPU
		{CAAB4B75-396E-4F19-A214-527214B8FB17}.Release|Any CPU.ActiveCfg = Release|Any CPU
		{CAAB4B75-396E-4F19-A214-527214B8FB17}.Release|Any CPU.Build.0 = Release|Any CPU
		{25007861-C2F8-4D73-AE96-7D7BEF1DF0DB}.Debug|Any CPU.ActiveCfg = Debug|Any CPU
		{25007861-C2F8-4D73-AE96-7D7BEF1DF0DB}.Debug|Any CPU.Build.0 = Debug|Any CPU
		{25007861-C2F8-4D73-AE96-7D7BEF1DF0DB}.Release|Any CPU.ActiveCfg = Release|Any CPU
		{25007861-C2F8-4D73-AE96-7D7BEF1DF0DB}.Release|Any CPU.Build.0 = Release|Any CPU
	EndGlobalSection
	GlobalSection(SolutionProperties) = preSolution
		HideSolutionNode = FALSE
	EndGlobalSection
	GlobalSection(ExtensibilityGlobals) = postSolution
		SolutionGuid = {AA0B9DF4-B4B6-4C2F-91D2-C6656269B3E4}
	EndGlobalSection
EndGlobal
