
Microsoft Visual Studio Solution File, Format Version 12.00
# Visual Studio Version 16
VisualStudioVersion = 16.0.32126.315
MinimumVisualStudioVersion = 10.0.40219.1
Project("{FAE04EC0-301F-11D3-BF4B-00C04F79EFBC}") = "Demo25", "Demo25\Demo25.csproj", "{CC3011CA-E9A1-4ECA-9175-EBDD5AAC3243}"
EndProject
Global
	GlobalSection(SolutionConfigurationPlatforms) = preSolution
		Debug|Any CPU = Debug|Any CPU
		Release|Any CPU = Release|Any CPU
	EndGlobalSection
	GlobalSection(ProjectConfigurationPlatforms) = postSolution
		{CC3011CA-E9A1-4ECA-9175-EBDD5AAC3243}.Debug|Any CPU.ActiveCfg = Debug|Any CPU
		{CC3011CA-E9A1-4ECA-9175-EBDD5AAC3243}.Debug|Any CPU.Build.0 = Debug|Any CPU
		{CC3011CA-E9A1-4ECA-9175-EBDD5AAC3243}.Release|Any CPU.ActiveCfg = Release|Any CPU
		{CC3011CA-E9A1-4ECA-9175-EBDD5AAC3243}.Release|Any CPU.Build.0 = Release|Any CPU
	EndGlobalSection
	GlobalSection(SolutionProperties) = preSolution
		HideSolutionNode = FALSE
	EndGlobalSection
	GlobalSection(ExtensibilityGlobals) = postSolution
		SolutionGuid = {80CAECE4-EBB5-45F1-A5D1-15DBC9012637}
	EndGlobalSection
EndGlobal
