
Microsoft Visual Studio Solution File, Format Version 12.00
# Visual Studio Version 16
VisualStudioVersion = 16.0.32126.315
MinimumVisualStudioVersion = 10.0.40219.1
Project("{FAE04EC0-301F-11D3-BF4B-00C04F79EFBC}") = "Demo61", "Demo61\Demo61.csproj", "{FE6BF060-8D5F-4331-BB87-8310DFB56D6F}"
EndProject
Global
	GlobalSection(SolutionConfigurationPlatforms) = preSolution
		Debug|Any CPU = Debug|Any CPU
		Release|Any CPU = Release|Any CPU
	EndGlobalSection
	GlobalSection(ProjectConfigurationPlatforms) = postSolution
		{FE6BF060-8D5F-4331-BB87-8310DFB56D6F}.Debug|Any CPU.ActiveCfg = Debug|Any CPU
		{FE6BF060-8D5F-4331-BB87-8310DFB56D6F}.Debug|Any CPU.Build.0 = Debug|Any CPU
		{FE6BF060-8D5F-4331-BB87-8310DFB56D6F}.Release|Any CPU.ActiveCfg = Release|Any CPU
		{FE6BF060-8D5F-4331-BB87-8310DFB56D6F}.Release|Any CPU.Build.0 = Release|Any CPU
	EndGlobalSection
	GlobalSection(SolutionProperties) = preSolution
		HideSolutionNode = FALSE
	EndGlobalSection
	GlobalSection(ExtensibilityGlobals) = postSolution
		SolutionGuid = {462751DF-5551-4DEA-AA0E-A5EFA7FB2B72}
	EndGlobalSection
EndGlobal
