
Microsoft Visual Studio Solution File, Format Version 12.00
# Visual Studio Version 16
VisualStudioVersion = 16.0.32126.315
MinimumVisualStudioVersion = 10.0.40219.1
Project("{FAE04EC0-301F-11D3-BF4B-00C04F79EFBC}") = "Demo67", "Demo67\Demo67.csproj", "{A171C479-D8C7-462C-AE69-4E47E2B8ED46}"
EndProject
Project("{FAE04EC0-301F-11D3-BF4B-00C04F79EFBC}") = "ClassLibrary1", "ClassLibrary1\ClassLibrary1.csproj", "{D469C0A1-D3A7-4E48-87DC-B4DE91133A69}"
EndProject
Global
	GlobalSection(SolutionConfigurationPlatforms) = preSolution
		Debug|Any CPU = Debug|Any CPU
		Release|Any CPU = Release|Any CPU
	EndGlobalSection
	GlobalSection(ProjectConfigurationPlatforms) = postSolution
		{A171C479-D8C7-462C-AE69-4E47E2B8ED46}.Debug|Any CPU.ActiveCfg = Debug|Any CPU
		{A171C479-D8C7-462C-AE69-4E47E2B8ED46}.Debug|Any CPU.Build.0 = Debug|Any CPU
		{A171C479-D8C7-462C-AE69-4E47E2B8ED46}.Release|Any CPU.ActiveCfg = Release|Any CPU
		{A171C479-D8C7-462C-AE69-4E47E2B8ED46}.Release|Any CPU.Build.0 = Release|Any CPU
		{D469C0A1-D3A7-4E48-87DC-B4DE91133A69}.Debug|Any CPU.ActiveCfg = Debug|Any CPU
		{D469C0A1-D3A7-4E48-87DC-B4DE91133A69}.Debug|Any CPU.Build.0 = Debug|Any CPU
		{D469C0A1-D3A7-4E48-87DC-B4DE91133A69}.Release|Any CPU.ActiveCfg = Release|Any CPU
		{D469C0A1-D3A7-4E48-87DC-B4DE91133A69}.Release|Any CPU.Build.0 = Release|Any CPU
	EndGlobalSection
	GlobalSection(SolutionProperties) = preSolution
		HideSolutionNode = FALSE
	EndGlobalSection
	GlobalSection(ExtensibilityGlobals) = postSolution
		SolutionGuid = {5BFCDA04-72B4-40D7-8F2F-C160CFE4DBA4}
	EndGlobalSection
EndGlobal
