
Microsoft Visual Studio Solution File, Format Version 12.00
# Visual Studio Version 16
VisualStudioVersion = 16.0.32126.315
MinimumVisualStudioVersion = 10.0.40219.1
Project("{FAE04EC0-301F-11D3-BF4B-00C04F79EFBC}") = "Demo36", "Demo36\Demo36.csproj", "{4FEA223D-D71F-475F-B0DD-CECFA5EA75CB}"
EndProject
Global
	GlobalSection(SolutionConfigurationPlatforms) = preSolution
		Debug|Any CPU = Debug|Any CPU
		Release|Any CPU = Release|Any CPU
	EndGlobalSection
	GlobalSection(ProjectConfigurationPlatforms) = postSolution
		{4FEA223D-D71F-475F-B0DD-CECFA5EA75CB}.Debug|Any CPU.ActiveCfg = Debug|Any CPU
		{4FEA223D-D71F-475F-B0DD-CECFA5EA75CB}.Debug|Any CPU.Build.0 = Debug|Any CPU
		{4FEA223D-D71F-475F-B0DD-CECFA5EA75CB}.Release|Any CPU.ActiveCfg = Release|Any CPU
		{4FEA223D-D71F-475F-B0DD-CECFA5EA75CB}.Release|Any CPU.Build.0 = Release|Any CPU
	EndGlobalSection
	GlobalSection(SolutionProperties) = preSolution
		HideSolutionNode = FALSE
	EndGlobalSection
	GlobalSection(ExtensibilityGlobals) = postSolution
		SolutionGuid = {C1F863FC-D487-409D-9907-EF9452C8C6DD}
	EndGlobalSection
EndGlobal
