
Microsoft Visual Studio Solution File, Format Version 12.00
# Visual Studio Version 16
VisualStudioVersion = 16.0.32126.315
MinimumVisualStudioVersion = 10.0.40219.1
Project("{FAE04EC0-301F-11D3-BF4B-00C04F79EFBC}") = "Demo78", "Demo78\Demo78.csproj", "{72419B1D-7EC1-426B-84D3-EECDE24CA0BA}"
EndProject
Global
	GlobalSection(SolutionConfigurationPlatforms) = preSolution
		Debug|Any CPU = Debug|Any CPU
		Release|Any CPU = Release|Any CPU
	EndGlobalSection
	GlobalSection(ProjectConfigurationPlatforms) = postSolution
		{72419B1D-7EC1-426B-84D3-EECDE24CA0BA}.Debug|Any CPU.ActiveCfg = Debug|Any CPU
		{72419B1D-7EC1-426B-84D3-EECDE24CA0BA}.Debug|Any CPU.Build.0 = Debug|Any CPU
		{72419B1D-7EC1-426B-84D3-EECDE24CA0BA}.Release|Any CPU.ActiveCfg = Release|Any CPU
		{72419B1D-7EC1-426B-84D3-EECDE24CA0BA}.Release|Any CPU.Build.0 = Release|Any CPU
	EndGlobalSection
	GlobalSection(SolutionProperties) = preSolution
		HideSolutionNode = FALSE
	EndGlobalSection
	GlobalSection(ExtensibilityGlobals) = postSolution
		SolutionGuid = {93A08BA1-E97D-4F92-BC79-69056FBA4114}
	EndGlobalSection
EndGlobal
