
Microsoft Visual Studio Solution File, Format Version 12.00
# Visual Studio Version 16
VisualStudioVersion = 16.0.32126.315
MinimumVisualStudioVersion = 10.0.40219.1
Project("{FAE04EC0-301F-11D3-BF4B-00C04F79EFBC}") = "Demo13", "Demo13\Demo13.csproj", "{EDFF38FB-E417-4432-843A-06AE2CA4E4FC}"
EndProject
Global
	GlobalSection(SolutionConfigurationPlatforms) = preSolution
		Debug|Any CPU = Debug|Any CPU
		Release|Any CPU = Release|Any CPU
	EndGlobalSection
	GlobalSection(ProjectConfigurationPlatforms) = postSolution
		{EDFF38FB-E417-4432-843A-06AE2CA4E4FC}.Debug|Any CPU.ActiveCfg = Debug|Any CPU
		{EDFF38FB-E417-4432-843A-06AE2CA4E4FC}.Debug|Any CPU.Build.0 = Debug|Any CPU
		{EDFF38FB-E417-4432-843A-06AE2CA4E4FC}.Release|Any CPU.ActiveCfg = Release|Any CPU
		{EDFF38FB-E417-4432-843A-06AE2CA4E4FC}.Release|Any CPU.Build.0 = Release|Any CPU
	EndGlobalSection
	GlobalSection(SolutionProperties) = preSolution
		HideSolutionNode = FALSE
	EndGlobalSection
	GlobalSection(ExtensibilityGlobals) = postSolution
		SolutionGuid = {D7925071-EB32-430D-9386-9C62CB6D0CC9}
	EndGlobalSection
EndGlobal
