
Microsoft Visual Studio Solution File, Format Version 12.00
# Visual Studio Version 16
VisualStudioVersion = 16.0.32126.315
MinimumVisualStudioVersion = 10.0.40219.1
Project("{FAE04EC0-301F-11D3-BF4B-00C04F79EFBC}") = "Demo76", "Demo76\Demo76.csproj", "{DE73C3ED-CDC3-4367-8D5A-5D79019F254B}"
EndProject
Global
	GlobalSection(SolutionConfigurationPlatforms) = preSolution
		Debug|Any CPU = Debug|Any CPU
		Release|Any CPU = Release|Any CPU
	EndGlobalSection
	GlobalSection(ProjectConfigurationPlatforms) = postSolution
		{DE73C3ED-CDC3-4367-8D5A-5D79019F254B}.Debug|Any CPU.ActiveCfg = Debug|Any CPU
		{DE73C3ED-CDC3-4367-8D5A-5D79019F254B}.Debug|Any CPU.Build.0 = Debug|Any CPU
		{DE73C3ED-CDC3-4367-8D5A-5D79019F254B}.Release|Any CPU.ActiveCfg = Release|Any CPU
		{DE73C3ED-CDC3-4367-8D5A-5D79019F254B}.Release|Any CPU.Build.0 = Release|Any CPU
	EndGlobalSection
	GlobalSection(SolutionProperties) = preSolution
		HideSolutionNode = FALSE
	EndGlobalSection
	GlobalSection(ExtensibilityGlobals) = postSolution
		SolutionGuid = {0AF48F53-CC49-4CB0-9DD4-98ECFA1E5B10}
	EndGlobalSection
EndGlobal
