
Microsoft Visual Studio Solution File, Format Version 12.00
# Visual Studio Version 16
VisualStudioVersion = 16.0.32126.315
MinimumVisualStudioVersion = 10.0.40219.1
Project("{FAE04EC0-301F-11D3-BF4B-00C04F79EFBC}") = "Demo09", "Demo09\Demo09.csproj", "{CD0277CC-2FCE-408C-A643-DC9D6E1694FE}"
EndProject
Global
	GlobalSection(SolutionConfigurationPlatforms) = preSolution
		Debug|Any CPU = Debug|Any CPU
		Release|Any CPU = Release|Any CPU
	EndGlobalSection
	GlobalSection(ProjectConfigurationPlatforms) = postSolution
		{CD0277CC-2FCE-408C-A643-DC9D6E1694FE}.Debug|Any CPU.ActiveCfg = Debug|Any CPU
		{CD0277CC-2FCE-408C-A643-DC9D6E1694FE}.Debug|Any CPU.Build.0 = Debug|Any CPU
		{CD0277CC-2FCE-408C-A643-DC9D6E1694FE}.Release|Any CPU.ActiveCfg = Release|Any CPU
		{CD0277CC-2FCE-408C-A643-DC9D6E1694FE}.Release|Any CPU.Build.0 = Release|Any CPU
	EndGlobalSection
	GlobalSection(SolutionProperties) = preSolution
		HideSolutionNode = FALSE
	EndGlobalSection
	GlobalSection(ExtensibilityGlobals) = postSolution
		SolutionGuid = {7EE558CB-43F0-4F39-99FA-B056F911D2DC}
	EndGlobalSection
EndGlobal
