
Microsoft Visual Studio Solution File, Format Version 12.00
# Visual Studio Version 16
VisualStudioVersion = 16.0.32126.315
MinimumVisualStudioVersion = 10.0.40219.1
Project("{FAE04EC0-301F-11D3-BF4B-00C04F79EFBC}") = "Demo42", "Demo42\Demo42.csproj", "{D02EE584-8B7D-4D69-B1F2-8440F5A99A46}"
EndProject
Global
	GlobalSection(SolutionConfigurationPlatforms) = preSolution
		Debug|Any CPU = Debug|Any CPU
		Release|Any CPU = Release|Any CPU
	EndGlobalSection
	GlobalSection(ProjectConfigurationPlatforms) = postSolution
		{D02EE584-8B7D-4D69-B1F2-8440F5A99A46}.Debug|Any CPU.ActiveCfg = Debug|Any CPU
		{D02EE584-8B7D-4D69-B1F2-8440F5A99A46}.Debug|Any CPU.Build.0 = Debug|Any CPU
		{D02EE584-8B7D-4D69-B1F2-8440F5A99A46}.Release|Any CPU.ActiveCfg = Release|Any CPU
		{D02EE584-8B7D-4D69-B1F2-8440F5A99A46}.Release|Any CPU.Build.0 = Release|Any CPU
	EndGlobalSection
	GlobalSection(SolutionProperties) = preSolution
		HideSolutionNode = FALSE
	EndGlobalSection
	GlobalSection(ExtensibilityGlobals) = postSolution
		SolutionGuid = {40AAC268-DBDE-475E-B3C6-520528A5778A}
	EndGlobalSection
EndGlobal
