
Microsoft Visual Studio Solution File, Format Version 12.00
# Visual Studio Version 16
VisualStudioVersion = 16.0.32126.315
MinimumVisualStudioVersion = 10.0.40219.1
Project("{FAE04EC0-301F-11D3-BF4B-00C04F79EFBC}") = "Demo03", "Demo03.csproj", "{6A8F5A38-DDA1-4708-B2D6-6EC4163E4A7C}"
EndProject
Global
	GlobalSection(SolutionConfigurationPlatforms) = preSolution
		Debug|Any CPU = Debug|Any CPU
		Release|Any CPU = Release|Any CPU
	EndGlobalSection
	GlobalSection(ProjectConfigurationPlatforms) = postSolution
		{6A8F5A38-DDA1-4708-B2D6-6EC4163E4A7C}.Debug|Any CPU.ActiveCfg = Debug|Any CPU
		{6A8F5A38-DDA1-4708-B2D6-6EC4163E4A7C}.Debug|Any CPU.Build.0 = Debug|Any CPU
		{6A8F5A38-DDA1-4708-B2D6-6EC4163E4A7C}.Release|Any CPU.ActiveCfg = Release|Any CPU
		{6A8F5A38-DDA1-4708-B2D6-6EC4163E4A7C}.Release|Any CPU.Build.0 = Release|Any CPU
	EndGlobalSection
	GlobalSection(SolutionProperties) = preSolution
		HideSolutionNode = FALSE
	EndGlobalSection
	GlobalSection(ExtensibilityGlobals) = postSolution
		SolutionGuid = {0B30DAF1-C583-44FF-9ADF-60EBDEDE31AC}
	EndGlobalSection
EndGlobal
