
Microsoft Visual Studio Solution File, Format Version 12.00
# Visual Studio Version 16
VisualStudioVersion = 16.0.32126.315
MinimumVisualStudioVersion = 10.0.40219.1
Project("{FAE04EC0-301F-11D3-BF4B-00C04F79EFBC}") = "Demo27", "Demo27\Demo27.csproj", "{E8CA2D9E-31DB-4D2F-BBA9-730649C2960C}"
EndProject
Global
	GlobalSection(SolutionConfigurationPlatforms) = preSolution
		Debug|Any CPU = Debug|Any CPU
		Release|Any CPU = Release|Any CPU
	EndGlobalSection
	GlobalSection(ProjectConfigurationPlatforms) = postSolution
		{E8CA2D9E-31DB-4D2F-BBA9-730649C2960C}.Debug|Any CPU.ActiveCfg = Debug|Any CPU
		{E8CA2D9E-31DB-4D2F-BBA9-730649C2960C}.Debug|Any CPU.Build.0 = Debug|Any CPU
		{E8CA2D9E-31DB-4D2F-BBA9-730649C2960C}.Release|Any CPU.ActiveCfg = Release|Any CPU
		{E8CA2D9E-31DB-4D2F-BBA9-730649C2960C}.Release|Any CPU.Build.0 = Release|Any CPU
	EndGlobalSection
	GlobalSection(SolutionProperties) = preSolution
		HideSolutionNode = FALSE
	EndGlobalSection
	GlobalSection(ExtensibilityGlobals) = postSolution
		SolutionGuid = {29E90A7E-D47D-4F84-AA14-EDE1A434A05F}
	EndGlobalSection
EndGlobal
